PODS:
  - Alamofire (5.8.1)
  - Moya (15.0.0):
    - Moya/Core (= 15.0.0)
  - Moya/Core (15.0.0):
    - Alamofire (~> 5.0)
  - RxCocoa (6.5.0):
    - RxRelay (= 6.5.0)
    - RxSwift (= 6.5.0)
  - RxRelay (6.5.0):
    - RxSwift (= 6.5.0)
  - RxSwift (6.5.0)
  - SnapKit (5.6.0)
  - SwiftyUserDefaults (5.3.0)

DEPENDENCIES:
  - Moya (~> 15.0)
  - RxCocoa (~> 6.5.0)
  - RxSwift (~> 6.5.0)
  - SnapKit (~> 5.6.0)
  - SwiftyUserDefaults

SPEC REPOS:
  trunk:
    - Alamofire
    - Moya
    - RxCocoa
    - RxRelay
    - RxSwift
    - SnapKit
    - SwiftyUserDefaults

SPEC CHECKSUMS:
  Alamofire: 3ca42e259043ee0dc5c0cdd76c4bc568b8e42af7
  Moya: 138f0573e53411fb3dc17016add0b748dfbd78ee
  RxCocoa: 94f817b71c07517321eb4f9ad299112ca8af743b
  RxRelay: 1de1523e604c72b6c68feadedd1af3b1b4d0ecbd
  RxSwift: 5710a9e6b17f3c3d6e40d6e559b9fa1e813b2ef8
  SnapKit: e01d52ebb8ddbc333eefe2132acf85c8227d9c25
  SwiftyUserDefaults: 63f80248cf5bfb3458825d9a78f2eb7e1293a040

PODFILE CHECKSUM: bacfe4f593b7ce93d8fb0d5915a9442c65bceb79

COCOAPODS: 1.12.0
